// !$*UTF8*$!
{
	archiveVersion = 1;
	classes = {
	};
	objectVersion = 56;
	objects = {

/* Begin PBXBuildFile section */
		1442799A2B3C10EB006F67D6 /* OrderTableViewExtension.swift in Sources */ = {isa = PBXBuildFile; fileRef = 144279992B3C10EB006F67D6 /* OrderTableViewExtension.swift */; };
		1442799C2B3C1147006F67D6 /* MenuCollectionViewExtension.swift in Sources */ = {isa = PBXBuildFile; fileRef = 1442799B2B3C1147006F67D6 /* MenuCollectionViewExtension.swift */; };
		144279A42B3D09D6006F67D6 /* MenuCollectionViewCell.swift in Sources */ = {isa = PBXBuildFile; fileRef = 144279A32B3D09D6006F67D6 /* MenuCollectionViewCell.swift */; };
		144279A62B3D09E9006F67D6 /* OrderTableViewCell.swift in Sources */ = {isa = PBXBuildFile; fileRef = 144279A52B3D09E9006F67D6 /* OrderTableViewCell.swift */; };
		1457741D2B3AADC200986015 /* DataModel.swift in Sources */ = {isa = PBXBuildFile; fileRef = 1457741C2B3AADC200986015 /* DataModel.swift */; };
		C4DA5C882B3AA972005E5DC4 /* AppDelegate.swift in Sources */ = {isa = PBXBuildFile; fileRef = C4DA5C872B3AA972005E5DC4 /* AppDelegate.swift */; };
		C4DA5C8A2B3AA972005E5DC4 /* SceneDelegate.swift in Sources */ = {isa = PBXBuildFile; fileRef = C4DA5C892B3AA972005E5DC4 /* SceneDelegate.swift */; };
		C4DA5C8C2B3AA972005E5DC4 /* ViewController.swift in Sources */ = {isa = PBXBuildFile; fileRef = C4DA5C8B2B3AA972005E5DC4 /* ViewController.swift */; };
		C4DA5C8F2B3AA972005E5DC4 /* Main.storyboard in Resources */ = {isa = PBXBuildFile; fileRef = C4DA5C8D2B3AA972005E5DC4 /* Main.storyboard */; };
		C4DA5C912B3AA974005E5DC4 /* Assets.xcassets in Resources */ = {isa = PBXBuildFile; fileRef = C4DA5C902B3AA974005E5DC4 /* Assets.xcassets */; };
		C4DA5C942B3AA974005E5DC4 /* LaunchScreen.storyboard in Resources */ = {isa = PBXBuildFile; fileRef = C4DA5C922B3AA974005E5DC4 /* LaunchScreen.storyboard */; };
/* End PBXBuildFile section */

/* Begin PBXFileReference section */
		144279992B3C10EB006F67D6 /* OrderTableViewExtension.swift */ = {isa = PBXFileReference; lastKnownFileType = sourcecode.swift; path = OrderTableViewExtension.swift; sourceTree = "<group>"; };
		1442799B2B3C1147006F67D6 /* MenuCollectionViewExtension.swift */ = {isa = PBXFileReference; lastKnownFileType = sourcecode.swift; path = MenuCollectionViewExtension.swift; sourceTree = "<group>"; };
		144279A32B3D09D6006F67D6 /* MenuCollectionViewCell.swift */ = {isa = PBXFileReference; lastKnownFileType = sourcecode.swift; path = MenuCollectionViewCell.swift; sourceTree = "<group>"; };
		144279A52B3D09E9006F67D6 /* OrderTableViewCell.swift */ = {isa = PBXFileReference; lastKnownFileType = sourcecode.swift; path = OrderTableViewCell.swift; sourceTree = "<group>"; };
		1457741C2B3AADC200986015 /* DataModel.swift */ = {isa = PBXFileReference; lastKnownFileType = sourcecode.swift; path = DataModel.swift; sourceTree = "<group>"; };
		C4DA5C842B3AA972005E5DC4 /* starbucksKiosk.app */ = {isa = PBXFileReference; explicitFileType = wrapper.application; includeInIndex = 0; path = starbucksKiosk.app; sourceTree = BUILT_PRODUCTS_DIR; };
		C4DA5C872B3AA972005E5DC4 /* AppDelegate.swift */ = {isa = PBXFileReference; lastKnownFileType = sourcecode.swift; path = AppDelegate.swift; sourceTree = "<group>"; };
		C4DA5C892B3AA972005E5DC4 /* SceneDelegate.swift */ = {isa = PBXFileReference; lastKnownFileType = sourcecode.swift; path = SceneDelegate.swift; sourceTree = "<group>"; };
		C4DA5C8B2B3AA972005E5DC4 /* ViewController.swift */ = {isa = PBXFileReference; lastKnownFileType = sourcecode.swift; path = ViewController.swift; sourceTree = "<group>"; };
		C4DA5C8E2B3AA972005E5DC4 /* Base */ = {isa = PBXFileReference; lastKnownFileType = file.storyboard; name = Base; path = Base.lproj/Main.storyboard; sourceTree = "<group>"; };
		C4DA5C902B3AA974005E5DC4 /* Assets.xcassets */ = {isa = PBXFileReference; lastKnownFileType = folder.assetcatalog; path = Assets.xcassets; sourceTree = "<group>"; };
		C4DA5C932B3AA974005E5DC4 /* Base */ = {isa = PBXFileReference; lastKnownFileType = file.storyboard; name = Base; path = Base.lproj/LaunchScreen.storyboard; sourceTree = "<group>"; };
		C4DA5C952B3AA974005E5DC4 /* Info.plist */ = {isa = PBXFileReference; lastKnownFileType = text.plist.xml; path = Info.plist; sourceTree = "<group>"; };
/* End PBXFileReference section */

/* Begin PBXFrameworksBuildPhase section */
		C4DA5C812B3AA972005E5DC4 /* Frameworks */ = {
			isa = PBXFrameworksBuildPhase;
			buildActionMask = 2147483647;
			files = (
			);
			runOnlyForDeploymentPostprocessing = 0;
		};
/* End PBXFrameworksBuildPhase section */

/* Begin PBXGroup section */
		C4DA5C7B2B3AA972005E5DC4 = {
			isa = PBXGroup;
			children = (
				C4DA5C862B3AA972005E5DC4 /* starbucksKiosk */,
				C4DA5C852B3AA972005E5DC4 /* Products */,
			);
			sourceTree = "<group>";
		};
		C4DA5C852B3AA972005E5DC4 /* Products */ = {
			isa = PBXGroup;
			children = (
				C4DA5C842B3AA972005E5DC4 /* starbucksKiosk.app */,
			);
			name = Products;
			sourceTree = "<group>";
		};
		C4DA5C862B3AA972005E5DC4 /* starbucksKiosk */ = {
			isa = PBXGroup;
			children = (
				C4DA5C872B3AA972005E5DC4 /* AppDelegate.swift */,
				C4DA5C892B3AA972005E5DC4 /* SceneDelegate.swift */,
				1457741C2B3AADC200986015 /* DataModel.swift */,
				C4DA5C8B2B3AA972005E5DC4 /* ViewController.swift */,
				1442799B2B3C1147006F67D6 /* MenuCollectionViewExtension.swift */,
				144279A32B3D09D6006F67D6 /* MenuCollectionViewCell.swift */,
				C4DA5C8D2B3AA972005E5DC4 /* Main.storyboard */,
				C4DA5C902B3AA974005E5DC4 /* Assets.xcassets */,
				C4DA5C922B3AA974005E5DC4 /* LaunchScreen.storyboard */,
				C4DA5C952B3AA974005E5DC4 /* Info.plist */,
				144279992B3C10EB006F67D6 /* OrderTableViewExtension.swift */,
				144279A52B3D09E9006F67D6 /* OrderTableViewCell.swift */,
			);
			path = starbucksKiosk;
			sourceTree = "<group>";
		};
/* End PBXGroup section */

/* Begin PBXNativeTarget section */
		C4DA5C832B3AA972005E5DC4 /* starbucksKiosk */ = {
			isa = PBXNativeTarget;
			buildConfigurationList = C4DA5C982B3AA974005E5DC4 /* Build configuration list for PBXNativeTarget "starbucksKiosk" */;
			buildPhases = (
				C4DA5C802B3AA972005E5DC4 /* Sources */,
				C4DA5C812B3AA972005E5DC4 /* Frameworks */,
				C4DA5C822B3AA972005E5DC4 /* Resources */,
			);
			buildRules = (
			);
			dependencies = (
			);
			name = starbucksKiosk;
			productName = starbucksKiosk;
			productReference = C4DA5C842B3AA972005E5DC4 /* starbucksKiosk.app */;
			productType = "com.apple.product-type.application";
		};
/* End PBXNativeTarget section */

/* Begin PBXProject section */
		C4DA5C7C2B3AA972005E5DC4 /* Project object */ = {
			isa = PBXProject;
			attributes = {
				BuildIndependentTargetsInParallel = 1;
				LastSwiftUpdateCheck = 1510;
				LastUpgradeCheck = 1510;
				TargetAttributes = {
					C4DA5C832B3AA972005E5DC4 = {
						CreatedOnToolsVersion = 15.1;
					};
				};
			};
			buildConfigurationList = C4DA5C7F2B3AA972005E5DC4 /* Build configuration list for PBXProject "starbucksKiosk" */;
			compatibilityVersion = "Xcode 14.0";
			developmentRegion = en;
			hasScannedForEncodings = 0;
			knownRegions = (
				en,
				Base,
			);
			mainGroup = C4DA5C7B2B3AA972005E5DC4;
			productRefGroup = C4DA5C852B3AA972005E5DC4 /* Products */;
			projectDirPath = "";
			projectRoot = "";
			targets = (
				C4DA5C832B3AA972005E5DC4 /* starbucksKiosk */,
			);
		};
/* End PBXProject section */

/* Begin PBXResourcesBuildPhase section */
		C4DA5C822B3AA972005E5DC4 /* Resources */ = {
			isa = PBXResourcesBuildPhase;
			buildActionMask = 2147483647;
			files = (
				C4DA5C942B3AA974005E5DC4 /* LaunchScreen.storyboard in Resources */,
				C4DA5C912B3AA974005E5DC4 /* Assets.xcassets in Resources */,
				C4DA5C8F2B3AA972005E5DC4 /* Main.storyboard in Resources */,
			);
			runOnlyForDeploymentPostprocessing = 0;
		};
/* End PBXResourcesBuildPhase section */

/* Begin PBXSourcesBuildPhase section */
		C4DA5C802B3AA972005E5DC4 /* Sources */ = {
			isa = PBXSourcesBuildPhase;
			buildActionMask = 2147483647;
			files = (
				C4DA5C8C2B3AA972005E5DC4 /* ViewController.swift in Sources */,
				1457741D2B3AADC200986015 /* DataModel.swift in Sources */,
				144279A42B3D09D6006F67D6 /* MenuCollectionViewCell.swift in Sources */,
				1442799A2B3C10EB006F67D6 /* OrderTableViewExtension.swift in Sources */,
				C4DA5C882B3AA972005E5DC4 /* AppDelegate.swift in Sources */,
				144279A62B3D09E9006F67D6 /* OrderTableViewCell.swift in Sources */,
				C4DA5C8A2B3AA972005E5DC4 /* SceneDelegate.swift in Sources */,
				1442799C2B3C1147006F67D6 /* MenuCollectionViewExtension.swift in Sources */,
			);
			runOnlyForDeploymentPostprocessing = 0;
		};
/* End PBXSourcesBuildPhase section */

/* Begin PBXVariantGroup section */
		C4DA5C8D2B3AA972005E5DC4 /* Main.storyboard */ = {
			isa = PBXVariantGroup;
			children = (
				C4DA5C8E2B3AA972005E5DC4 /* Base */,
			);
			name = Main.storyboard;
			sourceTree = "<group>";
		};
		C4DA5C922B3AA974005E5DC4 /* LaunchScreen.storyboard */ = {
			isa = PBXVariantGroup;
			children = (
				C4DA5C932B3AA974005E5DC4 /* Base */,
			);
			name = LaunchScreen.storyboard;
			sourceTree = "<group>";
		};
/* End PBXVariantGroup section */

/* Begin XCBuildConfiguration section */
		C4DA5C962B3AA974005E5DC4 /* Debug */ = {
			isa = XCBuildConfiguration;
			buildSettings = {
				ALWAYS_SEARCH_USER_PATHS = NO;
				ASSETCATALOG_COMPILER_GENERATE_SWIFT_ASSET_SYMBOL_EXTENSIONS = YES;
				CLANG_ANALYZER_NONNULL = YES;
				CLANG_ANALYZER_NUMBER_OBJECT_CONVERSION = YES_AGGRESSIVE;
				CLANG_CXX_LANGUAGE_STANDARD = "gnu++20";
				CLANG_ENABLE_MODULES = YES;
				CLANG_ENABLE_OBJC_ARC = YES;
				CLANG_ENABLE_OBJC_WEAK = YES;
				CLANG_WARN_BLOCK_CAPTURE_AUTORELEASING = YES;
				CLANG_WARN_BOOL_CONVERSION = YES;
				CLANG_WARN_COMMA = YES;
				CLANG_WARN_CONSTANT_CONVERSION = YES;
				CLANG_WARN_DEPRECATED_OBJC_IMPLEMENTATIONS = YES;
				CLANG_WARN_DIRECT_OBJC_ISA_USAGE = YES_ERROR;
				CLANG_WARN_DOCUMENTATION_COMMENTS = YES;
				CLANG_WARN_EMPTY_BODY = YES;
				CLANG_WARN_ENUM_CONVERSION = YES;
				CLANG_WARN_INFINITE_RECURSION = YES;
				CLANG_WARN_INT_CONVERSION = YES;
				CLANG_WARN_NON_LITERAL_NULL_CONVERSION = YES;
				CLANG_WARN_OBJC_IMPLICIT_RETAIN_SELF = YES;
				CLANG_WARN_OBJC_LITERAL_CONVERSION = YES;
				CLANG_WARN_OBJC_ROOT_CLASS = YES_ERROR;
				CLANG_WARN_QUOTED_INCLUDE_IN_FRAMEWORK_HEADER = YES;
				CLANG_WARN_RANGE_LOOP_ANALYSIS = YES;
				CLANG_WARN_STRICT_PROTOTYPES = YES;
				CLANG_WARN_SUSPICIOUS_MOVE = YES;
				CLANG_WARN_UNGUARDED_AVAILABILITY = YES_AGGRESSIVE;
				CLANG_WARN_UNREACHABLE_CODE = YES;
				CLANG_WARN__DUPLICATE_METHOD_MATCH = YES;
				COPY_PHASE_STRIP = NO;
				DEBUG_INFORMATION_FORMAT = dwarf;
				ENABLE_STRICT_OBJC_MSGSEND = YES;
				ENABLE_TESTABILITY = YES;
				ENABLE_USER_SCRIPT_SANDBOXING = YES;
				GCC_C_LANGUAGE_STANDARD = gnu17;
				GCC_DYNAMIC_NO_PIC = NO;
				GCC_NO_COMMON_BLOCKS = YES;
				GCC_OPTIMIZATION_LEVEL = 0;
				GCC_PREPROCESSOR_DEFINITIONS = (
					"DEBUG=1",
					"$(inherited)",
				);
				GCC_WARN_64_TO_32_BIT_CONVERSION = YES;
				GCC_WARN_ABOUT_RETURN_TYPE = YES_ERROR;
				GCC_WARN_UNDECLARED_SELECTOR = YES;
				GCC_WARN_UNINITIALIZED_AUTOS = YES_AGGRESSIVE;
				GCC_WARN_UNUSED_FUNCTION = YES;
				GCC_WARN_UNUSED_VARIABLE = YES;
				IPHONEOS_DEPLOYMENT_TARGET = 17.2;
				LOCALIZATION_PREFERS_STRING_CATALOGS = YES;
				MTL_ENABLE_DEBUG_INFO = INCLUDE_SOURCE;
				MTL_FAST_MATH = YES;
				ONLY_ACTIVE_ARCH = YES;
				SDKROOT = iphoneos;
				SWIFT_ACTIVE_COMPILATION_CONDITIONS = "DEBUG $(inherited)";
				SWIFT_OPTIMIZATION_LEVEL = "-Onone";
			};
			name = Debug;
		};
		C4DA5C972B3AA974005E5DC4 /* Release */ = {
			isa = XCBuildConfiguration;
			buildSettings = {
				ALWAYS_SEARCH_USER_PATHS = NO;
				ASSETCATALOG_COMPILER_GENERATE_SWIFT_ASSET_SYMBOL_EXTENSIONS = YES;
				CLANG_ANALYZER_NONNULL = YES;
				CLANG_ANALYZER_NUMBER_OBJECT_CONVERSION = YES_AGGRESSIVE;
				CLANG_CXX_LANGUAGE_STANDARD = "gnu++20";
				CLANG_ENABLE_MODULES = YES;
				CLANG_ENABLE_OBJC_ARC = YES;
				CLANG_ENABLE_OBJC_WEAK = YES;
				CLANG_WARN_BLOCK_CAPTURE_AUTORELEASING = YES;
				CLANG_WARN_BOOL_CONVERSION = YES;
				CLANG_WARN_COMMA = YES;
				CLANG_WARN_CONSTANT_CONVERSION = YES;
				CLANG_WARN_DEPRECATED_OBJC_IMPLEMENTATIONS = YES;
				CLANG_WARN_DIRECT_OBJC_ISA_USAGE = YES_ERROR;
				CLANG_WARN_DOCUMENTATION_COMMENTS = YES;
				CLANG_WARN_EMPTY_BODY = YES;
				CLANG_WARN_ENUM_CONVERSION = YES;
				CLANG_WARN_INFINITE_RECURSION = YES;
				CLANG_WARN_INT_CONVERSION = YES;
				CLANG_WARN_NON_LITERAL_NULL_CONVERSION = YES;
				CLANG_WARN_OBJC_IMPLICIT_RETAIN_SELF = YES;
				CLANG_WARN_OBJC_LITERAL_CONVERSION = YES;
				CLANG_WARN_OBJC_ROOT_CLASS = YES_ERROR;
				CLANG_WARN_QUOTED_INCLUDE_IN_FRAMEWORK_HEADER = YES;
				CLANG_WARN_RANGE_LOOP_ANALYSIS = YES;
				CLANG_WARN_STRICT_PROTOTYPES = YES;
				CLANG_WARN_SUSPICIOUS_MOVE = YES;
				CLANG_WARN_UNGUARDED_AVAILABILITY = YES_AGGRESSIVE;
				CLANG_WARN_UNREACHABLE_CODE = YES;
				CLANG_WARN__DUPLICATE_METHOD_MATCH = YES;
				COPY_PHASE_STRIP = NO;
				DEBUG_INFORMATION_FORMAT = "dwarf-with-dsym";
				ENABLE_NS_ASSERTIONS = NO;
				ENABLE_STRICT_OBJC_MSGSEND = YES;
				ENABLE_USER_SCRIPT_SANDBOXING = YES;
				GCC_C_LANGUAGE_STANDARD = gnu17;
				GCC_NO_COMMON_BLOCKS = YES;
				GCC_WARN_64_TO_32_BIT_CONVERSION = YES;
				GCC_WARN_ABOUT_RETURN_TYPE = YES_ERROR;
				GCC_WARN_UNDECLARED_SELECTOR = YES;
				GCC_WARN_UNINITIALIZED_AUTOS = YES_AGGRESSIVE;
				GCC_WARN_UNUSED_FUNCTION = YES;
				GCC_WARN_UNUSED_VARIABLE = YES;
				IPHONEOS_DEPLOYMENT_TARGET = 17.2;
				LOCALIZATION_PREFERS_STRING_CATALOGS = YES;
				MTL_ENABLE_DEBUG_INFO = NO;
				MTL_FAST_MATH = YES;
				SDKROOT = iphoneos;
				SWIFT_COMPILATION_MODE = wholemodule;
				VALIDATE_PRODUCT = YES;
			};
			name = Release;
		};
		C4DA5C992B3AA974005E5DC4 /* Debug */ = {
			isa = XCBuildConfiguration;
			buildSettings = {
				ASSETCATALOG_COMPILER_APPICON_NAME = AppIcon;
				ASSETCATALOG_COMPILER_GLOBAL_ACCENT_COLOR_NAME = AccentColor;
				CODE_SIGN_STYLE = Automatic;
				CURRENT_PROJECT_VERSION = 1;
				GENERATE_INFOPLIST_FILE = YES;
				INFOPLIST_FILE = starbucksKiosk/Info.plist;
				INFOPLIST_KEY_UIApplicationSupportsIndirectInputEvents = YES;
				INFOPLIST_KEY_UILaunchStoryboardName = LaunchScreen;
				INFOPLIST_KEY_UIMainStoryboardFile = Main;
				INFOPLIST_KEY_UISupportedInterfaceOrientations_iPad = "UIInterfaceOrientationPortrait UIInterfaceOrientationPortraitUpsideDown UIInterfaceOrientationLandscapeLeft UIInterfaceOrientationLandscapeRight";
				INFOPLIST_KEY_UISupportedInterfaceOrientations_iPhone = "UIInterfaceOrientationPortrait UIInterfaceOrientationLandscapeLeft UIInterfaceOrientationLandscapeRight";
				LD_RUNPATH_SEARCH_PATHS = (
					"$(inherited)",
					"@executable_path/Frameworks",
				);
				MARKETING_VERSION = 1.0;
				PRODUCT_BUNDLE_IDENTIFIER = con.nbc6.starbucksKiosk;
				PRODUCT_NAME = "$(TARGET_NAME)";
				SWIFT_EMIT_LOC_STRINGS = YES;
				SWIFT_VERSION = 5.0;
				TARGETED_DEVICE_FAMILY = "1,2";
			};
			name = Debug;
		};
		C4DA5C9A2B3AA974005E5DC4 /* Release */ = {
			isa = XCBuildConfiguration;
			buildSettings = {
				ASSETCATALOG_COMPILER_APPICON_NAME = AppIcon;
				ASSETCATALOG_COMPILER_GLOBAL_ACCENT_COLOR_NAME = AccentColor;
				CODE_SIGN_STYLE = Automatic;
				CURRENT_PROJECT_VERSION = 1;
				GENERATE_INFOPLIST_FILE = YES;
				INFOPLIST_FILE = starbucksKiosk/Info.plist;
				INFOPLIST_KEY_UIApplicationSupportsIndirectInputEvents = YES;
				INFOPLIST_KEY_UILaunchStoryboardName = LaunchScreen;
				INFOPLIST_KEY_UIMainStoryboardFile = Main;
				INFOPLIST_KEY_UISupportedInterfaceOrientations_iPad = "UIInterfaceOrientationPortrait UIInterfaceOrientationPortraitUpsideDown UIInterfaceOrientationLandscapeLeft UIInterfaceOrientationLandscapeRight";
				INFOPLIST_KEY_UISupportedInterfaceOrientations_iPhone = "UIInterfaceOrientationPortrait UIInterfaceOrientationLandscapeLeft UIInterfaceOrientationLandscapeRight";
				LD_RUNPATH_SEARCH_PATHS = (
					"$(inherited)",
					"@executable_path/Frameworks",
				);
				MARKETING_VERSION = 1.0;
				PRODUCT_BUNDLE_IDENTIFIER = con.nbc6.starbucksKiosk;
				PRODUCT_NAME = "$(TARGET_NAME)";
				SWIFT_EMIT_LOC_STRINGS = YES;
				SWIFT_VERSION = 5.0;
				TARGETED_DEVICE_FAMILY = "1,2";
			};
			name = Release;
		};
/* End XCBuildConfiguration section */

/* Begin XCConfigurationList section */
		C4DA5C7F2B3AA972005E5DC4 /* Build configuration list for PBXProject "starbucksKiosk" */ = {
			isa = XCConfigurationList;
			buildConfigurations = (
				C4DA5C962B3AA974005E5DC4 /* Debug */,
				C4DA5C972B3AA974005E5DC4 /* Release */,
			);
			defaultConfigurationIsVisible = 0;
			defaultConfigurationName = Release;
		};
		C4DA5C982B3AA974005E5DC4 /* Build configuration list for PBXNativeTarget "starbucksKiosk" */ = {
			isa = XCConfigurationList;
			buildConfigurations = (
				C4DA5C992B3AA974005E5DC4 /* Debug */,
				C4DA5C9A2B3AA974005E5DC4 /* Release */,
			);
			defaultConfigurationIsVisible = 0;
			defaultConfigurationName = Release;
		};
/* End XCConfigurationList section */
	};
	rootObject = C4DA5C7C2B3AA972005E5DC4 /* Project object */;
}
